
Microsoft Visual Studio Solution File, Format Version 12.00
# Visual Studio Version 17
VisualStudioVersion = 17.13.35931.197 d17.13
MinimumVisualStudioVersion = 10.0.40219.1
Project("{FAE04EC0-301F-11D3-BF4B-00C04F79EFBC}") = "WebApiPerson", "WebApiPerson\WebApiPerson.csproj", "{8D7A848C-2F78-4FDE-94ED-4D4112C97C19}"
EndProject
Global
	GlobalSection(SolutionConfigurationPlatforms) = preSolution
		Debug|Any CPU = Debug|Any CPU
		Release|Any CPU = Release|Any CPU
	EndGlobalSection
	GlobalSection(ProjectConfigurationPlatforms) = postSolution
		{8D7A848C-2F78-4FDE-94ED-4D4112C97C19}.Debug|Any CPU.ActiveCfg = Debug|Any CPU
		{8D7A848C-2F78-4FDE-94ED-4D4112C97C19}.Debug|Any CPU.Build.0 = Debug|Any CPU
		{8D7A848C-2F78-4FDE-94ED-4D4112C97C19}.Release|Any CPU.ActiveCfg = Release|Any CPU
		{8D7A848C-2F78-4FDE-94ED-4D4112C97C19}.Release|Any CPU.Build.0 = Release|Any CPU
	EndGlobalSection
	GlobalSection(SolutionProperties) = preSolution
		HideSolutionNode = FALSE
	EndGlobalSection
	GlobalSection(ExtensibilityGlobals) = postSolution
		SolutionGuid = {36FEF2B6-6320-49BE-AADB-81B2CCF9F3F8}
	EndGlobalSection
EndGlobal
